<?xml version="1.0" encoding="utf-8"?>
<Project ToolsVersion="4.0" xmlns="http://schemas.microsoft.com/developer/msbuild/2003">
  <ItemGroup>
    <ClCompile Include="..\..\..\..\..\..\EncoderCommon\Src\VIDIBaseCommon\WinSystem.cpp" />
    <ClCompile Include="..\..\Common\utils.cpp" />
    <ClCompile Include="ISOFormatDemux2Filter.cpp">
      <Filter>Source Files</Filter>
    </ClCompile>
    <ClCompile Include="stdafx.cpp">
      <Filter>Source Files</Filter>
    </ClCompile>
    <ClCompile Include="ReaderBuffer.cpp">
      <Filter>Source Files</Filter>
    </ClCompile>
    <ClCompile Include="C3GPFileReaderClock.cpp">
      <Filter>Source Files</Filter>
    </ClCompile>
    <ClCompile Include="PushPins.cpp">
      <Filter>Source Files</Filter>
    </ClCompile>
    <ClCompile Include="MediaTypeUtil.cpp">
      <Filter>Source Files</Filter>
    </ClCompile>
  </ItemGroup>
  <ItemGroup>
    <ClInclude Include="..\..\..\..\..\..\EncoderCommon\Src\VIDIBaseCommon\WinSystem.h" />
    <ClInclude Include="..\..\Common\utils.h" />
    <ClInclude Include="defines.h">
      <Filter>Header Files</Filter>
    </ClInclude>
    <ClInclude Include="ISOFormatDemux2Filter.h">
      <Filter>Header Files</Filter>
    </ClInclude>
    <ClInclude Include="stdafx.h">
      <Filter>Header Files</Filter>
    </ClInclude>
    <ClInclude Include="..\..\..\..\..\..\EncoderCommon\Src\VIDIBaseCommon\Media.h" />
    <ClInclude Include="ReaderBuffer.h">
      <Filter>Header Files</Filter>
    </ClInclude>
    <ClInclude Include="C3GPFileReaderClock.h">
      <Filter>Header Files</Filter>
    </ClInclude>
    <ClInclude Include="PushPins.h">
      <Filter>Header Files</Filter>
    </ClInclude>
    <ClInclude Include="MediaTypeUtil.h">
      <Filter>Header Files</Filter>
    </ClInclude>
    <ClInclude Include="resource.h">
      <Filter>Resource Files</Filter>
    </ClInclude>
    <ClInclude Include="version.h">
      <Filter>Resource Files</Filter>
    </ClInclude>
  </ItemGroup>
  <ItemGroup>
    <Filter Include="Header Files">
      <UniqueIdentifier>{17be508f-5769-4225-aac2-f5b72da39b8e}</UniqueIdentifier>
    </Filter>
    <Filter Include="Resource Files">
      <UniqueIdentifier>{5f440ff5-d873-4eba-af64-8f320f843123}</UniqueIdentifier>
    </Filter>
    <Filter Include="Source Files">
      <UniqueIdentifier>{b6045b41-b10e-4f80-8af1-ff094903554f}</UniqueIdentifier>
    </Filter>
  </ItemGroup>
  <ItemGroup>
    <ResourceCompile Include="ISOFormatDemux2.rc">
      <Filter>Resource Files</Filter>
    </ResourceCompile>
  </ItemGroup>
  <ItemGroup>
    <None Include="ISOFormatDemux2.rc2">
      <Filter>Resource Files</Filter>
    </None>
    <None Include="VersionHistory.txt">
      <Filter>Resource Files</Filter>
    </None>
    <None Include="ISOFormatDemux2.def" />
  </ItemGroup>
</Project>